
Microsoft Visual Studio Solution File, Format Version 12.00
# Visual Studio 2017
Project("{FAE04EC0-301F-11D3-BF4B-00C04F79EFBC}") = "MyColor", "MyColor.csproj", "{1649788C-9792-16F6-5732-4E3EC43E07F3}"
EndProject
Project("{FAE04EC0-301F-11D3-BF4B-00C04F79EFBC}") = "MyColor.Editor", "MyColor.Editor.csproj", "{672A2A93-9967-20BB-5F99-85C27751F32B}"
EndProject
Global
	GlobalSection(SolutionConfigurationPlatforms) = preSolution
		Debug|Any CPU = Debug|Any CPU
		Release|Any CPU = Release|Any CPU
	EndGlobalSection
	GlobalSection(ProjectConfigurationPlatforms) = postSolution
		{1649788C-9792-16F6-5732-4E3EC43E07F3}.Debug|Any CPU.ActiveCfg = Debug|Any CPU
		{1649788C-9792-16F6-5732-4E3EC43E07F3}.Debug|Any CPU.Build.0 = Debug|Any CPU
		{1649788C-9792-16F6-5732-4E3EC43E07F3}.Release|Any CPU.ActiveCfg = Release|Any CPU
		{1649788C-9792-16F6-5732-4E3EC43E07F3}.Release|Any CPU.Build.0 = Release|Any CPU
		{672A2A93-9967-20BB-5F99-85C27751F32B}.Debug|Any CPU.ActiveCfg = Debug|Any CPU
		{672A2A93-9967-20BB-5F99-85C27751F32B}.Debug|Any CPU.Build.0 = Debug|Any CPU
		{672A2A93-9967-20BB-5F99-85C27751F32B}.Release|Any CPU.ActiveCfg = Release|Any CPU
		{672A2A93-9967-20BB-5F99-85C27751F32B}.Release|Any CPU.Build.0 = Release|Any CPU
	EndGlobalSection
	GlobalSection(SolutionProperties) = preSolution
		HideSolutionNode = FALSE
	EndGlobalSection
EndGlobal
